
Microsoft Visual Studio Solution File, Format Version 12.00
# Visual Studio Version 17
VisualStudioVersion = 17.4.33213.308
MinimumVisualStudioVersion = 10.0.40219.1
Project("{FAE04EC0-301F-11D3-BF4B-00C04F79EFBC}") = "WebApi", "WebApi\WebApi.csproj", "{72121FE7-01F4-40F2-BF4F-F8822BCDA118}"
EndProject
Global
	GlobalSection(SolutionConfigurationPlatforms) = preSolution
		Debug|Any CPU = Debug|Any CPU
		Release|Any CPU = Release|Any CPU
	EndGlobalSection
	GlobalSection(ProjectConfigurationPlatforms) = postSolution
		{72121FE7-01F4-40F2-BF4F-F8822BCDA118}.Debug|Any CPU.ActiveCfg = Debug|Any CPU
		{72121FE7-01F4-40F2-BF4F-F8822BCDA118}.Debug|Any CPU.Build.0 = Debug|Any CPU
		{72121FE7-01F4-40F2-BF4F-F8822BCDA118}.Release|Any CPU.ActiveCfg = Release|Any CPU
		{72121FE7-01F4-40F2-BF4F-F8822BCDA118}.Release|Any CPU.Build.0 = Release|Any CPU
	EndGlobalSection
	GlobalSection(SolutionProperties) = preSolution
		HideSolutionNode = FALSE
	EndGlobalSection
	GlobalSection(ExtensibilityGlobals) = postSolution
		SolutionGuid = {69F03798-2DD2-494D-B570-0D79299EA329}
	EndGlobalSection
EndGlobal
